
Microsoft Visual Studio Solution File, Format Version 12.00
# Visual Studio Version 17
Project("{8BC9CEB8-8B4A-11D0-8D11-00A0C91BC942}") = "ALL_BUILD", "ALL_BUILD.vcxproj", "{97BCB8FE-86A5-35E7-A1B3-ECEDF01849EA}"
	ProjectSection(ProjectDependencies) = postProject
		{C026DD0D-D2D3-3284-A598-075AF0C85431} = {C026DD0D-D2D3-3284-A598-075AF0C85431}
		{DEB9D0BF-5308-3E79-97BC-AEF029BF3281} = {DEB9D0BF-5308-3E79-97BC-AEF029BF3281}
	EndProjectSection
EndProject
Project("{8BC9CEB8-8B4A-11D0-8D11-00A0C91BC942}") = "INSTALL", "INSTALL.vcxproj", "{3614D80D-2CE7-38A1-8815-5F528B9F0816}"
	ProjectSection(ProjectDependencies) = postProject
		{97BCB8FE-86A5-35E7-A1B3-ECEDF01849EA} = {97BCB8FE-86A5-35E7-A1B3-ECEDF01849EA}
		{C026DD0D-D2D3-3284-A598-075AF0C85431} = {C026DD0D-D2D3-3284-A598-075AF0C85431}
	EndProjectSection
EndProject
Project("{8BC9CEB8-8B4A-11D0-8D11-00A0C91BC942}") = "PACKAGE", "PACKAGE.vcxproj", "{1778D2D1-5125-34E3-BD31-F623C93BE0F0}"
	ProjectSection(ProjectDependencies) = postProject
		{97BCB8FE-86A5-35E7-A1B3-ECEDF01849EA} = {97BCB8FE-86A5-35E7-A1B3-ECEDF01849EA}
		{C026DD0D-D2D3-3284-A598-075AF0C85431} = {C026DD0D-D2D3-3284-A598-075AF0C85431}
	EndProjectSection
EndProject
Project("{8BC9CEB8-8B4A-11D0-8D11-00A0C91BC942}") = "RUN_TESTS", "RUN_TESTS.vcxproj", "{709A0A7C-7475-377A-9624-7EC1C56DC1DA}"
	ProjectSection(ProjectDependencies) = postProject
		{C026DD0D-D2D3-3284-A598-075AF0C85431} = {C026DD0D-D2D3-3284-A598-075AF0C85431}
	EndProjectSection
EndProject
Project("{8BC9CEB8-8B4A-11D0-8D11-00A0C91BC942}") = "ZERO_CHECK", "..\\ZERO_CHECK.vcxproj", "{C026DD0D-D2D3-3284-A598-075AF0C85431}"
	ProjectSection(ProjectDependencies) = postProject
	EndProjectSection
EndProject
Project("{8BC9CEB8-8B4A-11D0-8D11-00A0C91BC942}") = "lib_base", "..\\lib_base.vcxproj", "{D10DABF8-B946-3A68-8994-D62FFBAF48F8}"
	ProjectSection(ProjectDependencies) = postProject
		{C026DD0D-D2D3-3284-A598-075AF0C85431} = {C026DD0D-D2D3-3284-A598-075AF0C85431}
	EndProjectSection
EndProject
Project("{8BC9CEB8-8B4A-11D0-8D11-00A0C91BC942}") = "lib_base_qt", "..\src\qt\lib_base_qt.vcxproj", "{019BBE1C-A1D8-3CE3-8F3B-586706060566}"
	ProjectSection(ProjectDependencies) = postProject
		{C026DD0D-D2D3-3284-A598-075AF0C85431} = {C026DD0D-D2D3-3284-A598-075AF0C85431}
	EndProjectSection
EndProject
Project("{8BC9CEB8-8B4A-11D0-8D11-00A0C91BC942}") = "lib_base_test", "lib_base_test.vcxproj", "{DEB9D0BF-5308-3E79-97BC-AEF029BF3281}"
	ProjectSection(ProjectDependencies) = postProject
		{C026DD0D-D2D3-3284-A598-075AF0C85431} = {C026DD0D-D2D3-3284-A598-075AF0C85431}
		{D10DABF8-B946-3A68-8994-D62FFBAF48F8} = {D10DABF8-B946-3A68-8994-D62FFBAF48F8}
		{019BBE1C-A1D8-3CE3-8F3B-586706060566} = {019BBE1C-A1D8-3CE3-8F3B-586706060566}
	EndProjectSection
EndProject
Global
	GlobalSection(SolutionConfigurationPlatforms) = preSolution
		Debug|x64 = Debug|x64
		Release|x64 = Release|x64
		MinSizeRel|x64 = MinSizeRel|x64
		RelWithDebInfo|x64 = RelWithDebInfo|x64
	EndGlobalSection
	GlobalSection(ProjectConfigurationPlatforms) = postSolution
		{97BCB8FE-86A5-35E7-A1B3-ECEDF01849EA}.Debug|x64.ActiveCfg = Debug|x64
		{97BCB8FE-86A5-35E7-A1B3-ECEDF01849EA}.Debug|x64.Build.0 = Debug|x64
		{97BCB8FE-86A5-35E7-A1B3-ECEDF01849EA}.Release|x64.ActiveCfg = Release|x64
		{97BCB8FE-86A5-35E7-A1B3-ECEDF01849EA}.Release|x64.Build.0 = Release|x64
		{97BCB8FE-86A5-35E7-A1B3-ECEDF01849EA}.MinSizeRel|x64.ActiveCfg = MinSizeRel|x64
		{97BCB8FE-86A5-35E7-A1B3-ECEDF01849EA}.MinSizeRel|x64.Build.0 = MinSizeRel|x64
		{97BCB8FE-86A5-35E7-A1B3-ECEDF01849EA}.RelWithDebInfo|x64.ActiveCfg = RelWithDebInfo|x64
		{97BCB8FE-86A5-35E7-A1B3-ECEDF01849EA}.RelWithDebInfo|x64.Build.0 = RelWithDebInfo|x64
		{3614D80D-2CE7-38A1-8815-5F528B9F0816}.Debug|x64.ActiveCfg = Debug|x64
		{3614D80D-2CE7-38A1-8815-5F528B9F0816}.Release|x64.ActiveCfg = Release|x64
		{3614D80D-2CE7-38A1-8815-5F528B9F0816}.MinSizeRel|x64.ActiveCfg = MinSizeRel|x64
		{3614D80D-2CE7-38A1-8815-5F528B9F0816}.RelWithDebInfo|x64.ActiveCfg = RelWithDebInfo|x64
		{1778D2D1-5125-34E3-BD31-F623C93BE0F0}.Debug|x64.ActiveCfg = Debug|x64
		{1778D2D1-5125-34E3-BD31-F623C93BE0F0}.Release|x64.ActiveCfg = Release|x64
		{1778D2D1-5125-34E3-BD31-F623C93BE0F0}.MinSizeRel|x64.ActiveCfg = MinSizeRel|x64
		{1778D2D1-5125-34E3-BD31-F623C93BE0F0}.RelWithDebInfo|x64.ActiveCfg = RelWithDebInfo|x64
		{709A0A7C-7475-377A-9624-7EC1C56DC1DA}.Debug|x64.ActiveCfg = Debug|x64
		{709A0A7C-7475-377A-9624-7EC1C56DC1DA}.Release|x64.ActiveCfg = Release|x64
		{709A0A7C-7475-377A-9624-7EC1C56DC1DA}.MinSizeRel|x64.ActiveCfg = MinSizeRel|x64
		{709A0A7C-7475-377A-9624-7EC1C56DC1DA}.RelWithDebInfo|x64.ActiveCfg = RelWithDebInfo|x64
		{C026DD0D-D2D3-3284-A598-075AF0C85431}.Debug|x64.ActiveCfg = Debug|x64
		{C026DD0D-D2D3-3284-A598-075AF0C85431}.Debug|x64.Build.0 = Debug|x64
		{C026DD0D-D2D3-3284-A598-075AF0C85431}.Release|x64.ActiveCfg = Release|x64
		{C026DD0D-D2D3-3284-A598-075AF0C85431}.Release|x64.Build.0 = Release|x64
		{C026DD0D-D2D3-3284-A598-075AF0C85431}.MinSizeRel|x64.ActiveCfg = MinSizeRel|x64
		{C026DD0D-D2D3-3284-A598-075AF0C85431}.MinSizeRel|x64.Build.0 = MinSizeRel|x64
		{C026DD0D-D2D3-3284-A598-075AF0C85431}.RelWithDebInfo|x64.ActiveCfg = RelWithDebInfo|x64
		{C026DD0D-D2D3-3284-A598-075AF0C85431}.RelWithDebInfo|x64.Build.0 = RelWithDebInfo|x64
		{D10DABF8-B946-3A68-8994-D62FFBAF48F8}.Debug|x64.ActiveCfg = Debug|x64
		{D10DABF8-B946-3A68-8994-D62FFBAF48F8}.Debug|x64.Build.0 = Debug|x64
		{D10DABF8-B946-3A68-8994-D62FFBAF48F8}.Release|x64.ActiveCfg = Release|x64
		{D10DABF8-B946-3A68-8994-D62FFBAF48F8}.Release|x64.Build.0 = Release|x64
		{D10DABF8-B946-3A68-8994-D62FFBAF48F8}.MinSizeRel|x64.ActiveCfg = MinSizeRel|x64
		{D10DABF8-B946-3A68-8994-D62FFBAF48F8}.MinSizeRel|x64.Build.0 = MinSizeRel|x64
		{D10DABF8-B946-3A68-8994-D62FFBAF48F8}.RelWithDebInfo|x64.ActiveCfg = RelWithDebInfo|x64
		{D10DABF8-B946-3A68-8994-D62FFBAF48F8}.RelWithDebInfo|x64.Build.0 = RelWithDebInfo|x64
		{019BBE1C-A1D8-3CE3-8F3B-586706060566}.Debug|x64.ActiveCfg = Debug|x64
		{019BBE1C-A1D8-3CE3-8F3B-586706060566}.Debug|x64.Build.0 = Debug|x64
		{019BBE1C-A1D8-3CE3-8F3B-586706060566}.Release|x64.ActiveCfg = Release|x64
		{019BBE1C-A1D8-3CE3-8F3B-586706060566}.Release|x64.Build.0 = Release|x64
		{019BBE1C-A1D8-3CE3-8F3B-586706060566}.MinSizeRel|x64.ActiveCfg = MinSizeRel|x64
		{019BBE1C-A1D8-3CE3-8F3B-586706060566}.MinSizeRel|x64.Build.0 = MinSizeRel|x64
		{019BBE1C-A1D8-3CE3-8F3B-586706060566}.RelWithDebInfo|x64.ActiveCfg = RelWithDebInfo|x64
		{019BBE1C-A1D8-3CE3-8F3B-586706060566}.RelWithDebInfo|x64.Build.0 = RelWithDebInfo|x64
		{DEB9D0BF-5308-3E79-97BC-AEF029BF3281}.Debug|x64.ActiveCfg = Debug|x64
		{DEB9D0BF-5308-3E79-97BC-AEF029BF3281}.Debug|x64.Build.0 = Debug|x64
		{DEB9D0BF-5308-3E79-97BC-AEF029BF3281}.Release|x64.ActiveCfg = Release|x64
		{DEB9D0BF-5308-3E79-97BC-AEF029BF3281}.Release|x64.Build.0 = Release|x64
		{DEB9D0BF-5308-3E79-97BC-AEF029BF3281}.MinSizeRel|x64.ActiveCfg = MinSizeRel|x64
		{DEB9D0BF-5308-3E79-97BC-AEF029BF3281}.MinSizeRel|x64.Build.0 = MinSizeRel|x64
		{DEB9D0BF-5308-3E79-97BC-AEF029BF3281}.RelWithDebInfo|x64.ActiveCfg = RelWithDebInfo|x64
		{DEB9D0BF-5308-3E79-97BC-AEF029BF3281}.RelWithDebInfo|x64.Build.0 = RelWithDebInfo|x64
	EndGlobalSection
	GlobalSection(ExtensibilityGlobals) = postSolution
		SolutionGuid = {F17C2F18-7FE7-333B-AF88-3596948DD594}
	EndGlobalSection
	GlobalSection(ExtensibilityAddIns) = postSolution
	EndGlobalSection
EndGlobal
