<?xml version="1.0" encoding="utf-8"?>
<Project ToolsVersion="17.0" xmlns="http://schemas.microsoft.com/developer/msbuild/2003">
  <ItemGroup>
    <CustomBuild Include="D:\lib_base\lib_base\CMakeFiles\dd6d73ec98911451d2878359faaa6fed\RUN_TESTS_force.rule">
      <Filter>CMake Rules</Filter>
    </CustomBuild>
  </ItemGroup>
  <ItemGroup>
    <Filter Include="CMake Rules">
      <UniqueIdentifier>{24BBAAD3-F38D-3F07-832C-C38947314ADA}</UniqueIdentifier>
    </Filter>
  </ItemGroup>
</Project>
